
Microsoft Visual Studio Solution File, Format Version 12.00
# Visual Studio Version 16
VisualStudioVersion = 16.0.31729.503
MinimumVisualStudioVersion = 10.0.40219.1
Project("{FAE04EC0-301F-11D3-BF4B-00C04F79EFBC}") = "ADO.NET.LAB4.2", "ADO.NET.LAB4.2\ADO.NET.LAB4.2.csproj", "{A5517395-A206-4792-8BAE-46CE55251832}"
EndProject
Project("{FAE04EC0-301F-11D3-BF4B-00C04F79EFBC}") = "ADO.NET.LAB4.3", "ADO.NET.LAB4.3\ADO.NET.LAB4.3.csproj", "{C73A732C-909B-4D7D-B291-58A6DCCF7ED5}"
EndProject
Project("{FAE04EC0-301F-11D3-BF4B-00C04F79EFBC}") = "ADO.NET.LAB4.4", "ADO.NET.LAB4.4\ADO.NET.LAB4.4.csproj", "{2AF4740D-FAE0-487D-9698-25A45C780FC5}"
EndProject
Project("{FAE04EC0-301F-11D3-BF4B-00C04F79EFBC}") = "ADO.NET.LAB4.5", "ADO.NET.LAB4.5\ADO.NET.LAB4.5.csproj", "{54C894BA-1873-49F1-846A-28EFA8D2F36D}"
EndProject
Project("{FAE04EC0-301F-11D3-BF4B-00C04F79EFBC}") = "ADO.NET.LAB4.6", "ADO.NET.LAB4.6\ADO.NET.LAB4.6.csproj", "{BD24658B-5DCF-47C1-A693-7E0E670BE870}"
EndProject
Project("{FAE04EC0-301F-11D3-BF4B-00C04F79EFBC}") = "ADO.NET.LAB1.LAB2", "ADO.NET.LAB1.LAB2\ADO.NET.LAB1.LAB2.csproj", "{FB603094-8003-4AD3-916A-F57CC1BDCEAB}"
EndProject
Project("{FAE04EC0-301F-11D3-BF4B-00C04F79EFBC}") = "ADO.NET.LAB4.1", "ADO.NET.LAB4.1\ADO.NET.LAB4.1.csproj", "{92F5EEFE-735F-4F04-A0BA-42C60498375B}"
EndProject
Project("{FAE04EC0-301F-11D3-BF4B-00C04F79EFBC}") = "ADO.NET.LAB5.1", "ADO.NET.LAB5.1\ADO.NET.LAB5.1.csproj", "{D2484CDF-799D-447E-911B-F5BDB83E3974}"
EndProject
Project("{FAE04EC0-301F-11D3-BF4B-00C04F79EFBC}") = "ADO.NET.LAB5.2", "ADO.NET.LAB5.2\ADO.NET.LAB5.2.csproj", "{EF9AD69A-5F97-4E17-843E-24CF1444392F}"
EndProject
Project("{FAE04EC0-301F-11D3-BF4B-00C04F79EFBC}") = "ADO.NET.LAB5.3", "ADO.NET.LAB5.3\ADO.NET.LAB5.3.csproj", "{FC3AAC02-5E39-45A6-8C3C-C94D90CF7351}"
EndProject
Project("{FAE04EC0-301F-11D3-BF4B-00C04F79EFBC}") = "ADO.NET.LAB5.4", "ADO.NET.LAB5.4\ADO.NET.LAB5.4.csproj", "{0C9B8D48-5259-4331-9E7B-83B3E532361B}"
EndProject
Project("{FAE04EC0-301F-11D3-BF4B-00C04F79EFBC}") = "ADO.NET.LAB6.1", "ADO.NET.LAB6.1\ADO.NET.LAB6.1.csproj", "{39371E69-AC9D-40D9-AFBA-4B542A035506}"
EndProject
Project("{FAE04EC0-301F-11D3-BF4B-00C04F79EFBC}") = "ADO.NET.LAB6.2", "ADO.NET.LAB6.2\ADO.NET.LAB6.2.csproj", "{73D0A720-2F6F-44F1-957B-A2FC07828370}"
EndProject
Project("{FAE04EC0-301F-11D3-BF4B-00C04F79EFBC}") = "ADO.NET.LAB3", "ADO.NET.LAB3\ADO.NET.LAB3.csproj", "{B770DE0E-826D-4FEC-8B9B-196E6AEFC042}"
EndProject
Project("{9A19103F-16F7-4668-BE54-9A1E7A4F7556}") = "ADO.NET.LINQ.LAB7", "ADO.NET.LINQ.LAB7\ADO.NET.LINQ.LAB7.csproj", "{AD9A4E8B-047C-4C3A-93E6-C5FE3F58DF0E}"
EndProject
Project("{FAE04EC0-301F-11D3-BF4B-00C04F79EFBC}") = "ADO.NET.LINQtoSQL.LAB8.1", "ADO.NET.LINQsqlSproc.LAB8.1\ADO.NET.LINQtoSQL.LAB8.1.csproj", "{F75F9181-F68B-4892-BC8D-ABC411507724}"
EndProject
Project("{FAE04EC0-301F-11D3-BF4B-00C04F79EFBC}") = "ADO.NET.LINQsqlSproc.LAB8.2", "ADO.NET.LINQsqlSproc.LAB8.2\ADO.NET.LINQsqlSproc.LAB8.2.csproj", "{91F5E5FB-E2FA-4721-87F2-B995F4D4A9BE}"
EndProject
Project("{FAE04EC0-301F-11D3-BF4B-00C04F79EFBC}") = "ADO.NET.LINQsql_m.LAB8.3", "ADO.NET.LINQsql_m.LAB8.3\ADO.NET.LINQsql_m.LAB8.3.csproj", "{9548DEE0-44AD-4125-AB9D-4B8387D2B279}"
EndProject
Global
	GlobalSection(SolutionConfigurationPlatforms) = preSolution
		Debug|Any CPU = Debug|Any CPU
		Release|Any CPU = Release|Any CPU
	EndGlobalSection
	GlobalSection(ProjectConfigurationPlatforms) = postSolution
		{A5517395-A206-4792-8BAE-46CE55251832}.Debug|Any CPU.ActiveCfg = Debug|Any CPU
		{A5517395-A206-4792-8BAE-46CE55251832}.Debug|Any CPU.Build.0 = Debug|Any CPU
		{A5517395-A206-4792-8BAE-46CE55251832}.Release|Any CPU.ActiveCfg = Release|Any CPU
		{A5517395-A206-4792-8BAE-46CE55251832}.Release|Any CPU.Build.0 = Release|Any CPU
		{C73A732C-909B-4D7D-B291-58A6DCCF7ED5}.Debug|Any CPU.ActiveCfg = Debug|Any CPU
		{C73A732C-909B-4D7D-B291-58A6DCCF7ED5}.Debug|Any CPU.Build.0 = Debug|Any CPU
		{C73A732C-909B-4D7D-B291-58A6DCCF7ED5}.Release|Any CPU.ActiveCfg = Release|Any CPU
		{C73A732C-909B-4D7D-B291-58A6DCCF7ED5}.Release|Any CPU.Build.0 = Release|Any CPU
		{2AF4740D-FAE0-487D-9698-25A45C780FC5}.Debug|Any CPU.ActiveCfg = Debug|Any CPU
		{2AF4740D-FAE0-487D-9698-25A45C780FC5}.Debug|Any CPU.Build.0 = Debug|Any CPU
		{2AF4740D-FAE0-487D-9698-25A45C780FC5}.Release|Any CPU.ActiveCfg = Release|Any CPU
		{2AF4740D-FAE0-487D-9698-25A45C780FC5}.Release|Any CPU.Build.0 = Release|Any CPU
		{54C894BA-1873-49F1-846A-28EFA8D2F36D}.Debug|Any CPU.ActiveCfg = Debug|Any CPU
		{54C894BA-1873-49F1-846A-28EFA8D2F36D}.Debug|Any CPU.Build.0 = Debug|Any CPU
		{54C894BA-1873-49F1-846A-28EFA8D2F36D}.Release|Any CPU.ActiveCfg = Release|Any CPU
		{54C894BA-1873-49F1-846A-28EFA8D2F36D}.Release|Any CPU.Build.0 = Release|Any CPU
		{BD24658B-5DCF-47C1-A693-7E0E670BE870}.Debug|Any CPU.ActiveCfg = Debug|Any CPU
		{BD24658B-5DCF-47C1-A693-7E0E670BE870}.Debug|Any CPU.Build.0 = Debug|Any CPU
		{BD24658B-5DCF-47C1-A693-7E0E670BE870}.Release|Any CPU.ActiveCfg = Release|Any CPU
		{BD24658B-5DCF-47C1-A693-7E0E670BE870}.Release|Any CPU.Build.0 = Release|Any CPU
		{FB603094-8003-4AD3-916A-F57CC1BDCEAB}.Debug|Any CPU.ActiveCfg = Debug|Any CPU
		{FB603094-8003-4AD3-916A-F57CC1BDCEAB}.Debug|Any CPU.Build.0 = Debug|Any CPU
		{FB603094-8003-4AD3-916A-F57CC1BDCEAB}.Release|Any CPU.ActiveCfg = Release|Any CPU
		{FB603094-8003-4AD3-916A-F57CC1BDCEAB}.Release|Any CPU.Build.0 = Release|Any CPU
		{92F5EEFE-735F-4F04-A0BA-42C60498375B}.Debug|Any CPU.ActiveCfg = Debug|Any CPU
		{92F5EEFE-735F-4F04-A0BA-42C60498375B}.Debug|Any CPU.Build.0 = Debug|Any CPU
		{92F5EEFE-735F-4F04-A0BA-42C60498375B}.Release|Any CPU.ActiveCfg = Release|Any CPU
		{92F5EEFE-735F-4F04-A0BA-42C60498375B}.Release|Any CPU.Build.0 = Release|Any CPU
		{D2484CDF-799D-447E-911B-F5BDB83E3974}.Debug|Any CPU.ActiveCfg = Debug|Any CPU
		{D2484CDF-799D-447E-911B-F5BDB83E3974}.Debug|Any CPU.Build.0 = Debug|Any CPU
		{D2484CDF-799D-447E-911B-F5BDB83E3974}.Release|Any CPU.ActiveCfg = Release|Any CPU
		{D2484CDF-799D-447E-911B-F5BDB83E3974}.Release|Any CPU.Build.0 = Release|Any CPU
		{EF9AD69A-5F97-4E17-843E-24CF1444392F}.Debug|Any CPU.ActiveCfg = Debug|Any CPU
		{EF9AD69A-5F97-4E17-843E-24CF1444392F}.Debug|Any CPU.Build.0 = Debug|Any CPU
		{EF9AD69A-5F97-4E17-843E-24CF1444392F}.Release|Any CPU.ActiveCfg = Release|Any CPU
		{EF9AD69A-5F97-4E17-843E-24CF1444392F}.Release|Any CPU.Build.0 = Release|Any CPU
		{FC3AAC02-5E39-45A6-8C3C-C94D90CF7351}.Debug|Any CPU.ActiveCfg = Debug|Any CPU
		{FC3AAC02-5E39-45A6-8C3C-C94D90CF7351}.Debug|Any CPU.Build.0 = Debug|Any CPU
		{FC3AAC02-5E39-45A6-8C3C-C94D90CF7351}.Release|Any CPU.ActiveCfg = Release|Any CPU
		{FC3AAC02-5E39-45A6-8C3C-C94D90CF7351}.Release|Any CPU.Build.0 = Release|Any CPU
		{0C9B8D48-5259-4331-9E7B-83B3E532361B}.Debug|Any CPU.ActiveCfg = Debug|Any CPU
		{0C9B8D48-5259-4331-9E7B-83B3E532361B}.Debug|Any CPU.Build.0 = Debug|Any CPU
		{0C9B8D48-5259-4331-9E7B-83B3E532361B}.Release|Any CPU.ActiveCfg = Release|Any CPU
		{0C9B8D48-5259-4331-9E7B-83B3E532361B}.Release|Any CPU.Build.0 = Release|Any CPU
		{39371E69-AC9D-40D9-AFBA-4B542A035506}.Debug|Any CPU.ActiveCfg = Debug|Any CPU
		{39371E69-AC9D-40D9-AFBA-4B542A035506}.Debug|Any CPU.Build.0 = Debug|Any CPU
		{39371E69-AC9D-40D9-AFBA-4B542A035506}.Release|Any CPU.ActiveCfg = Release|Any CPU
		{39371E69-AC9D-40D9-AFBA-4B542A035506}.Release|Any CPU.Build.0 = Release|Any CPU
		{73D0A720-2F6F-44F1-957B-A2FC07828370}.Debug|Any CPU.ActiveCfg = Debug|Any CPU
		{73D0A720-2F6F-44F1-957B-A2FC07828370}.Debug|Any CPU.Build.0 = Debug|Any CPU
		{73D0A720-2F6F-44F1-957B-A2FC07828370}.Release|Any CPU.ActiveCfg = Release|Any CPU
		{73D0A720-2F6F-44F1-957B-A2FC07828370}.Release|Any CPU.Build.0 = Release|Any CPU
		{B770DE0E-826D-4FEC-8B9B-196E6AEFC042}.Debug|Any CPU.ActiveCfg = Debug|Any CPU
		{B770DE0E-826D-4FEC-8B9B-196E6AEFC042}.Debug|Any CPU.Build.0 = Debug|Any CPU
		{B770DE0E-826D-4FEC-8B9B-196E6AEFC042}.Release|Any CPU.ActiveCfg = Release|Any CPU
		{B770DE0E-826D-4FEC-8B9B-196E6AEFC042}.Release|Any CPU.Build.0 = Release|Any CPU
		{AD9A4E8B-047C-4C3A-93E6-C5FE3F58DF0E}.Debug|Any CPU.ActiveCfg = Debug|Any CPU
		{AD9A4E8B-047C-4C3A-93E6-C5FE3F58DF0E}.Debug|Any CPU.Build.0 = Debug|Any CPU
		{AD9A4E8B-047C-4C3A-93E6-C5FE3F58DF0E}.Release|Any CPU.ActiveCfg = Release|Any CPU
		{AD9A4E8B-047C-4C3A-93E6-C5FE3F58DF0E}.Release|Any CPU.Build.0 = Release|Any CPU
		{F75F9181-F68B-4892-BC8D-ABC411507724}.Debug|Any CPU.ActiveCfg = Debug|Any CPU
		{F75F9181-F68B-4892-BC8D-ABC411507724}.Debug|Any CPU.Build.0 = Debug|Any CPU
		{F75F9181-F68B-4892-BC8D-ABC411507724}.Release|Any CPU.ActiveCfg = Release|Any CPU
		{F75F9181-F68B-4892-BC8D-ABC411507724}.Release|Any CPU.Build.0 = Release|Any CPU
		{91F5E5FB-E2FA-4721-87F2-B995F4D4A9BE}.Debug|Any CPU.ActiveCfg = Debug|Any CPU
		{91F5E5FB-E2FA-4721-87F2-B995F4D4A9BE}.Debug|Any CPU.Build.0 = Debug|Any CPU
		{91F5E5FB-E2FA-4721-87F2-B995F4D4A9BE}.Release|Any CPU.ActiveCfg = Release|Any CPU
		{91F5E5FB-E2FA-4721-87F2-B995F4D4A9BE}.Release|Any CPU.Build.0 = Release|Any CPU
		{9548DEE0-44AD-4125-AB9D-4B8387D2B279}.Debug|Any CPU.ActiveCfg = Debug|Any CPU
		{9548DEE0-44AD-4125-AB9D-4B8387D2B279}.Debug|Any CPU.Build.0 = Debug|Any CPU
		{9548DEE0-44AD-4125-AB9D-4B8387D2B279}.Release|Any CPU.ActiveCfg = Release|Any CPU
		{9548DEE0-44AD-4125-AB9D-4B8387D2B279}.Release|Any CPU.Build.0 = Release|Any CPU
	EndGlobalSection
	GlobalSection(SolutionProperties) = preSolution
		HideSolutionNode = FALSE
	EndGlobalSection
	GlobalSection(ExtensibilityGlobals) = postSolution
		SolutionGuid = {4C7E1170-470D-4038-8811-E730F0E67AFF}
	EndGlobalSection
EndGlobal
